
Microsoft Visual Studio Solution File, Format Version 12.00
# Visual Studio Version 17
VisualStudioVersion = 17.8.34330.188
MinimumVisualStudioVersion = 10.0.40219.1
Project("{9A19103F-16F7-4668-BE54-9A1E7A4F7556}") = "Demo01", "Demo01\Demo01.csproj", "{BECACC3A-B3DE-4A97-8156-6CA70C06E0B7}"
EndProject
Project("{9A19103F-16F7-4668-BE54-9A1E7A4F7556}") = "ExerciceAdo", "ExerciceAdo\ExerciceAdo.csproj", "{33C5CD96-E221-4845-A662-D01460309B7E}"
EndProject
Project("{9A19103F-16F7-4668-BE54-9A1E7A4F7556}") = "ExerciceCommande", "ExerciceCommande\ExerciceCommande.csproj", "{C7042B0B-181A-4AE9-89A5-F18EA24C7306}"
EndProject
Project("{9A19103F-16F7-4668-BE54-9A1E7A4F7556}") = "ExercicePersonnage", "ExercicePersonnage\ExercicePersonnage.csproj", "{998DBB8F-662F-4489-B3A2-B5841B09261D}"
EndProject
Project("{FAE04EC0-301F-11D3-BF4B-00C04F79EFBC}") = "ExerciceHotel", "ExerciceHotel\ExerciceHotel.csproj", "{EE4CFC89-7037-48AA-8963-AB1D98D02E96}"
EndProject
Global
	GlobalSection(SolutionConfigurationPlatforms) = preSolution
		Debug|Any CPU = Debug|Any CPU
		Release|Any CPU = Release|Any CPU
	EndGlobalSection
	GlobalSection(ProjectConfigurationPlatforms) = postSolution
		{BECACC3A-B3DE-4A97-8156-6CA70C06E0B7}.Debug|Any CPU.ActiveCfg = Debug|Any CPU
		{BECACC3A-B3DE-4A97-8156-6CA70C06E0B7}.Debug|Any CPU.Build.0 = Debug|Any CPU
		{BECACC3A-B3DE-4A97-8156-6CA70C06E0B7}.Release|Any CPU.ActiveCfg = Release|Any CPU
		{BECACC3A-B3DE-4A97-8156-6CA70C06E0B7}.Release|Any CPU.Build.0 = Release|Any CPU
		{33C5CD96-E221-4845-A662-D01460309B7E}.Debug|Any CPU.ActiveCfg = Debug|Any CPU
		{33C5CD96-E221-4845-A662-D01460309B7E}.Debug|Any CPU.Build.0 = Debug|Any CPU
		{33C5CD96-E221-4845-A662-D01460309B7E}.Release|Any CPU.ActiveCfg = Release|Any CPU
		{33C5CD96-E221-4845-A662-D01460309B7E}.Release|Any CPU.Build.0 = Release|Any CPU
		{C7042B0B-181A-4AE9-89A5-F18EA24C7306}.Debug|Any CPU.ActiveCfg = Debug|Any CPU
		{C7042B0B-181A-4AE9-89A5-F18EA24C7306}.Debug|Any CPU.Build.0 = Debug|Any CPU
		{C7042B0B-181A-4AE9-89A5-F18EA24C7306}.Release|Any CPU.ActiveCfg = Release|Any CPU
		{C7042B0B-181A-4AE9-89A5-F18EA24C7306}.Release|Any CPU.Build.0 = Release|Any CPU
		{998DBB8F-662F-4489-B3A2-B5841B09261D}.Debug|Any CPU.ActiveCfg = Debug|Any CPU
		{998DBB8F-662F-4489-B3A2-B5841B09261D}.Debug|Any CPU.Build.0 = Debug|Any CPU
		{998DBB8F-662F-4489-B3A2-B5841B09261D}.Release|Any CPU.ActiveCfg = Release|Any CPU
		{998DBB8F-662F-4489-B3A2-B5841B09261D}.Release|Any CPU.Build.0 = Release|Any CPU
		{EE4CFC89-7037-48AA-8963-AB1D98D02E96}.Debug|Any CPU.ActiveCfg = Debug|Any CPU
		{EE4CFC89-7037-48AA-8963-AB1D98D02E96}.Debug|Any CPU.Build.0 = Debug|Any CPU
		{EE4CFC89-7037-48AA-8963-AB1D98D02E96}.Release|Any CPU.ActiveCfg = Release|Any CPU
		{EE4CFC89-7037-48AA-8963-AB1D98D02E96}.Release|Any CPU.Build.0 = Release|Any CPU
	EndGlobalSection
	GlobalSection(SolutionProperties) = preSolution
		HideSolutionNode = FALSE
	EndGlobalSection
	GlobalSection(ExtensibilityGlobals) = postSolution
		SolutionGuid = {8E1B4293-7265-4725-9CF1-571C2F6A47CD}
	EndGlobalSection
EndGlobal
